
Microsoft Visual Studio Solution File, Format Version 12.00
# Visual Studio Version 17
VisualStudioVersion = 17.11.35431.28
MinimumVisualStudioVersion = 10.0.40219.1
Project("{9A19103F-16F7-4668-BE54-9A1E7A4F7556}") = "NovelCsamDetection.Tests", "NovelCsamDetection.Tests\NovelCsamDetection.Tests.csproj", "{65CDC471-7A84-4410-B911-633C5C72AADD}"
EndProject
Project("{9A19103F-16F7-4668-BE54-9A1E7A4F7556}") = "NovelCsam.Models", "NovelCsam.Models\NovelCsam.Models.csproj", "{B679C4EC-8238-43DC-96A1-E2BC42C1BB8F}"
EndProject
Project("{9A19103F-16F7-4668-BE54-9A1E7A4F7556}") = "NovelCsam.UI.Console", "NovelCsam.UI.Console\NovelCsam.UI.Console.csproj", "{0E0DB500-81EF-479D-B482-46F43F262056}"
EndProject
Project("{9A19103F-16F7-4668-BE54-9A1E7A4F7556}") = "NovelCsam.Helpers", "NovelCsam.Helpers\NovelCsam.Helpers.csproj", "{37257163-551C-49D4-9EDD-E50AB5AB656F}"
EndProject
Project("{FAE04EC0-301F-11D3-BF4B-00C04F79EFBC}") = "NovelCsam.Functions", "NovelCsam.Functions\NovelCsam.Functions.csproj", "{38E805B7-AF54-4280-8D2E-4499C9A85ABE}"
EndProject
Global
	GlobalSection(SolutionConfigurationPlatforms) = preSolution
		Debug|Any CPU = Debug|Any CPU
		Release|Any CPU = Release|Any CPU
	EndGlobalSection
	GlobalSection(ProjectConfigurationPlatforms) = postSolution
		{65CDC471-7A84-4410-B911-633C5C72AADD}.Debug|Any CPU.ActiveCfg = Debug|Any CPU
		{65CDC471-7A84-4410-B911-633C5C72AADD}.Debug|Any CPU.Build.0 = Debug|Any CPU
		{65CDC471-7A84-4410-B911-633C5C72AADD}.Release|Any CPU.ActiveCfg = Release|Any CPU
		{65CDC471-7A84-4410-B911-633C5C72AADD}.Release|Any CPU.Build.0 = Release|Any CPU
		{B679C4EC-8238-43DC-96A1-E2BC42C1BB8F}.Debug|Any CPU.ActiveCfg = Debug|Any CPU
		{B679C4EC-8238-43DC-96A1-E2BC42C1BB8F}.Debug|Any CPU.Build.0 = Debug|Any CPU
		{B679C4EC-8238-43DC-96A1-E2BC42C1BB8F}.Release|Any CPU.ActiveCfg = Release|Any CPU
		{B679C4EC-8238-43DC-96A1-E2BC42C1BB8F}.Release|Any CPU.Build.0 = Release|Any CPU
		{0E0DB500-81EF-479D-B482-46F43F262056}.Debug|Any CPU.ActiveCfg = Debug|Any CPU
		{0E0DB500-81EF-479D-B482-46F43F262056}.Debug|Any CPU.Build.0 = Debug|Any CPU
		{0E0DB500-81EF-479D-B482-46F43F262056}.Release|Any CPU.ActiveCfg = Release|Any CPU
		{0E0DB500-81EF-479D-B482-46F43F262056}.Release|Any CPU.Build.0 = Release|Any CPU
		{37257163-551C-49D4-9EDD-E50AB5AB656F}.Debug|Any CPU.ActiveCfg = Debug|Any CPU
		{37257163-551C-49D4-9EDD-E50AB5AB656F}.Debug|Any CPU.Build.0 = Debug|Any CPU
		{37257163-551C-49D4-9EDD-E50AB5AB656F}.Release|Any CPU.ActiveCfg = Release|Any CPU
		{37257163-551C-49D4-9EDD-E50AB5AB656F}.Release|Any CPU.Build.0 = Release|Any CPU
		{38E805B7-AF54-4280-8D2E-4499C9A85ABE}.Debug|Any CPU.ActiveCfg = Debug|Any CPU
		{38E805B7-AF54-4280-8D2E-4499C9A85ABE}.Debug|Any CPU.Build.0 = Debug|Any CPU
		{38E805B7-AF54-4280-8D2E-4499C9A85ABE}.Release|Any CPU.ActiveCfg = Release|Any CPU
		{38E805B7-AF54-4280-8D2E-4499C9A85ABE}.Release|Any CPU.Build.0 = Release|Any CPU
	EndGlobalSection
	GlobalSection(SolutionProperties) = preSolution
		HideSolutionNode = FALSE
	EndGlobalSection
	GlobalSection(ExtensibilityGlobals) = postSolution
		SolutionGuid = {0BC52EC0-5BF1-4A69-93BC-7BFEBD22F5F4}
	EndGlobalSection
EndGlobal
